{
  "name": "jsmpeg-stanag",
  "version": "1.0.0",
  "lockfileVersion": 2,
  "requires": true,
  "packages": {
    "": {
      "name": "jsmpeg-stanag",
      "version": "1.0.0",
      "license": "ISC",
      "devDependencies": {
        "big-integer": "^1.6.51",
        "uglify-js": "^3.15.2"
      }
    },
    "node_modules/big-integer": {
      "version": "1.6.51",
      "resolved": "https://registry.npmjs.org/big-integer/-/big-integer-1.6.51.tgz",
      "integrity": "sha512-GPEid2Y9QU1Exl1rpO9B2IPJGHPSupF5GnVIP0blYvNOMer2bTvSWs1jGOUg04hTmu67nmLsQ9TBo1puaotBHg==",
      "dev": true,
      "engines": {
        "node": ">=0.6"
      }
    },
    "node_modules/uglify-js": {
      "version": "3.15.2",
      "resolved": "https://registry.npmjs.org/uglify-js/-/uglify-js-3.15.2.tgz",
      "integrity": "sha512-peeoTk3hSwYdoc9nrdiEJk+gx1ALCtTjdYuKSXMTDqq7n1W7dHPqWDdSi+BPL0ni2YMeHD7hKUSdbj3TZauY2A==",
      "dev": true,
      "bin": {
        "uglifyjs": "bin/uglifyjs"
      },
      "engines": {
        "node": ">=0.8.0"
      }
    }
  },
  "dependencies": {
    "big-integer": {
      "version": "1.6.51",
      "resolved": "https://registry.npmjs.org/big-integer/-/big-integer-1.6.51.tgz",
      "integrity": "sha512-GPEid2Y9QU1Exl1rpO9B2IPJGHPSupF5GnVIP0blYvNOMer2bTvSWs1jGOUg04hTmu67nmLsQ9TBo1puaotBHg==",
      "dev": true
    },
    "uglify-js": {
      "version": "3.15.2",
      "resolved": "https://registry.npmjs.org/uglify-js/-/uglify-js-3.15.2.tgz",
      "integrity": "sha512-peeoTk3hSwYdoc9nrdiEJk+gx1ALCtTjdYuKSXMTDqq7n1W7dHPqWDdSi+BPL0ni2YMeHD7hKUSdbj3TZauY2A==",
      "dev": true
    }
  }
}
